// !$*UTF8*$!
{
	archiveVersion = 1;
	classes = {
	};
	objectVersion = 56;
	objects = {

/* Begin PBXBuildFile section */
		20017DCB29BFD1540019D62A /* GoogleService-Info.plist in Resources */ = {isa = PBXBuildFile; fileRef = 20017DCA29BFD1530019D62A /* GoogleService-Info.plist */; };
		20017DCE29BFD19D0019D62A /* FirebaseManager.swift in Sources */ = {isa = PBXBuildFile; fileRef = 20017DCD29BFD19D0019D62A /* FirebaseManager.swift */; };
		20017DD129BFD1D40019D62A /* FirebaseStorage in Frameworks */ = {isa = PBXBuildFile; productRef = 20017DD029BFD1D40019D62A /* FirebaseStorage */; };
		20017DD329BFD1E90019D62A /* FirebaseFirestore in Frameworks */ = {isa = PBXBuildFile; productRef = 20017DD229BFD1E90019D62A /* FirebaseFirestore */; };
		20017DDA29BFDE850019D62A /* PatientProfileViewController.swift in Sources */ = {isa = PBXBuildFile; fileRef = 20017DD929BFDE850019D62A /* PatientProfileViewController.swift */; };
		20017DDC29C3D5CA0019D62A /* FirebaseFirestoreSwift in Frameworks */ = {isa = PBXBuildFile; productRef = 20017DDB29C3D5CA0019D62A /* FirebaseFirestoreSwift */; };
		20017DDE29C3FB9B0019D62A /* FirebaseService.swift in Sources */ = {isa = PBXBuildFile; fileRef = 20017DDD29C3FB9B0019D62A /* FirebaseService.swift */; };
		20017DE029C3FC070019D62A /* PatientProfile.swift in Sources */ = {isa = PBXBuildFile; fileRef = 20017DDF29C3FC070019D62A /* PatientProfile.swift */; };
		20017DE229C3FC200019D62A /* User.swift in Sources */ = {isa = PBXBuildFile; fileRef = 20017DE129C3FC200019D62A /* User.swift */; };
		20BF569429C40DF8008B863E /* CurrentUser.swift in Sources */ = {isa = PBXBuildFile; fileRef = 20BF569329C40DF8008B863E /* CurrentUser.swift */; };
		20BF569629C4C302008B863E /* Medication.swift in Sources */ = {isa = PBXBuildFile; fileRef = 20BF569529C4C302008B863E /* Medication.swift */; };
		20BF569829C4C312008B863E /* Appointment.swift in Sources */ = {isa = PBXBuildFile; fileRef = 20BF569729C4C312008B863E /* Appointment.swift */; };
		20BF569B29C4CFF0008B863E /* String+Extension.swift in Sources */ = {isa = PBXBuildFile; fileRef = 20BF569A29C4CFF0008B863E /* String+Extension.swift */; };
		20BF569D29C50A52008B863E /* NotificationService.swift in Sources */ = {isa = PBXBuildFile; fileRef = 20BF569C29C50A52008B863E /* NotificationService.swift */; };
		99B5AC8E29B87472004EFFA0 /* OnboardingCollectionViewCell.swift in Sources */ = {isa = PBXBuildFile; fileRef = 99B5AC8C29B87472004EFFA0 /* OnboardingCollectionViewCell.swift */; };
		99B5AC8F29B87472004EFFA0 /* OnboardingCollectionViewCell.xib in Resources */ = {isa = PBXBuildFile; fileRef = 99B5AC8D29B87472004EFFA0 /* OnboardingCollectionViewCell.xib */; };
		C0315C5E29B9431B00112281 /* PatientCollectionViewCell.swift in Sources */ = {isa = PBXBuildFile; fileRef = C0315C5C29B9431B00112281 /* PatientCollectionViewCell.swift */; };
		C0315C5F29B9431B00112281 /* PatientCollectionViewCell.xib in Resources */ = {isa = PBXBuildFile; fileRef = C0315C5D29B9431B00112281 /* PatientCollectionViewCell.xib */; };
		C0315C6129B9437200112281 /* PatientViewController.swift in Sources */ = {isa = PBXBuildFile; fileRef = C0315C6029B9437200112281 /* PatientViewController.swift */; };
		C0315C6529B94A0100112281 /* Patient.swift in Sources */ = {isa = PBXBuildFile; fileRef = C0315C6429B94A0100112281 /* Patient.swift */; };
		C076BEDF29ABC20300DA1A52 /* CredentialsViewController.swift in Sources */ = {isa = PBXBuildFile; fileRef = C076BEDE29ABC20300DA1A52 /* CredentialsViewController.swift */; };
		C08A42F72995582F000036C6 /* AppDelegate.swift in Sources */ = {isa = PBXBuildFile; fileRef = C08A42F62995582F000036C6 /* AppDelegate.swift */; };
		C08A42F92995582F000036C6 /* SceneDelegate.swift in Sources */ = {isa = PBXBuildFile; fileRef = C08A42F82995582F000036C6 /* SceneDelegate.swift */; };
		C08A42FE2995582F000036C6 /* Main.storyboard in Resources */ = {isa = PBXBuildFile; fileRef = C08A42FC2995582F000036C6 /* Main.storyboard */; };
		C08A430029955830000036C6 /* Assets.xcassets in Resources */ = {isa = PBXBuildFile; fileRef = C08A42FF29955830000036C6 /* Assets.xcassets */; };
		C08A430329955830000036C6 /* LaunchScreen.storyboard in Resources */ = {isa = PBXBuildFile; fileRef = C08A430129955830000036C6 /* LaunchScreen.storyboard */; };
		C08A4311299579CC000036C6 /* OnboardingViewController.swift in Sources */ = {isa = PBXBuildFile; fileRef = C08A4310299579CC000036C6 /* OnboardingViewController.swift */; };
		C08A431429957BE8000036C6 /* OnboardingSlide.swift in Sources */ = {isa = PBXBuildFile; fileRef = C08A431329957BE8000036C6 /* OnboardingSlide.swift */; };
		C0C3786A29ABCFBB00CB4783 /* SignUpViewController.swift in Sources */ = {isa = PBXBuildFile; fileRef = C0C3786929ABCFBB00CB4783 /* SignUpViewController.swift */; };
		C0C3786F29ABD22300CB4783 /* FirebaseAuth in Frameworks */ = {isa = PBXBuildFile; productRef = C0C3786E29ABD22300CB4783 /* FirebaseAuth */; };
		C0C3787129ABD67E00CB4783 /* LoginViewController.swift in Sources */ = {isa = PBXBuildFile; fileRef = C0C3787029ABD67E00CB4783 /* LoginViewController.swift */; };
		C0DCEDE729AE7C0B00CAE48E /* PatientListCollectionViewCell.swift in Sources */ = {isa = PBXBuildFile; fileRef = C0DCEDE529AE7C0B00CAE48E /* PatientListCollectionViewCell.swift */; };
		C0DCEDE829AE7C0B00CAE48E /* PatientListCollectionViewCell.xib in Resources */ = {isa = PBXBuildFile; fileRef = C0DCEDE629AE7C0B00CAE48E /* PatientListCollectionViewCell.xib */; };
		C0DCEDEA29AE849100CAE48E /* Patients.swift in Sources */ = {isa = PBXBuildFile; fileRef = C0DCEDE929AE849100CAE48E /* Patients.swift */; };
		C0DCEDED29AE97F900CAE48E /* PatListViewController.swift in Sources */ = {isa = PBXBuildFile; fileRef = C0DCEDEC29AE97F900CAE48E /* PatListViewController.swift */; };
		C0DCEDF429AEAB6300CAE48E /* MedicationViewController.swift in Sources */ = {isa = PBXBuildFile; fileRef = C0DCEDF329AEAB6300CAE48E /* MedicationViewController.swift */; };
		C0DCEDF729AEAE5A00CAE48E /* AppointmentViewController.swift in Sources */ = {isa = PBXBuildFile; fileRef = C0DCEDF629AEAE5A00CAE48E /* AppointmentViewController.swift */; };
		C0DCEDF929AEB3B100CAE48E /* CalanderViewController.swift in Sources */ = {isa = PBXBuildFile; fileRef = C0DCEDF829AEB3B100CAE48E /* CalanderViewController.swift */; };
/* End PBXBuildFile section */

/* Begin PBXFileReference section */
		20017DCA29BFD1530019D62A /* GoogleService-Info.plist */ = {isa = PBXFileReference; fileEncoding = 4; lastKnownFileType = text.plist.xml; path = "GoogleService-Info.plist"; sourceTree = "<group>"; };
		20017DCD29BFD19D0019D62A /* FirebaseManager.swift */ = {isa = PBXFileReference; lastKnownFileType = sourcecode.swift; path = FirebaseManager.swift; sourceTree = "<group>"; };
		20017DD929BFDE850019D62A /* PatientProfileViewController.swift */ = {isa = PBXFileReference; lastKnownFileType = sourcecode.swift; path = PatientProfileViewController.swift; sourceTree = "<group>"; };
		20017DDD29C3FB9B0019D62A /* FirebaseService.swift */ = {isa = PBXFileReference; lastKnownFileType = sourcecode.swift; path = FirebaseService.swift; sourceTree = "<group>"; };
		20017DDF29C3FC070019D62A /* PatientProfile.swift */ = {isa = PBXFileReference; lastKnownFileType = sourcecode.swift; path = PatientProfile.swift; sourceTree = "<group>"; };
		20017DE129C3FC200019D62A /* User.swift */ = {isa = PBXFileReference; lastKnownFileType = sourcecode.swift; path = User.swift; sourceTree = "<group>"; };
		20BF569329C40DF8008B863E /* CurrentUser.swift */ = {isa = PBXFileReference; lastKnownFileType = sourcecode.swift; path = CurrentUser.swift; sourceTree = "<group>"; };
		20BF569529C4C302008B863E /* Medication.swift */ = {isa = PBXFileReference; lastKnownFileType = sourcecode.swift; path = Medication.swift; sourceTree = "<group>"; };
		20BF569729C4C312008B863E /* Appointment.swift */ = {isa = PBXFileReference; lastKnownFileType = sourcecode.swift; path = Appointment.swift; sourceTree = "<group>"; };
		20BF569A29C4CFF0008B863E /* String+Extension.swift */ = {isa = PBXFileReference; lastKnownFileType = sourcecode.swift; path = "String+Extension.swift"; sourceTree = "<group>"; };
		20BF569C29C50A52008B863E /* NotificationService.swift */ = {isa = PBXFileReference; lastKnownFileType = sourcecode.swift; path = NotificationService.swift; sourceTree = "<group>"; };
		99B5AC8C29B87472004EFFA0 /* OnboardingCollectionViewCell.swift */ = {isa = PBXFileReference; lastKnownFileType = sourcecode.swift; path = OnboardingCollectionViewCell.swift; sourceTree = "<group>"; };
		99B5AC8D29B87472004EFFA0 /* OnboardingCollectionViewCell.xib */ = {isa = PBXFileReference; lastKnownFileType = file.xib; path = OnboardingCollectionViewCell.xib; sourceTree = "<group>"; };
		C0315C5C29B9431B00112281 /* PatientCollectionViewCell.swift */ = {isa = PBXFileReference; lastKnownFileType = sourcecode.swift; path = PatientCollectionViewCell.swift; sourceTree = "<group>"; };
		C0315C5D29B9431B00112281 /* PatientCollectionViewCell.xib */ = {isa = PBXFileReference; lastKnownFileType = file.xib; path = PatientCollectionViewCell.xib; sourceTree = "<group>"; };
		C0315C6029B9437200112281 /* PatientViewController.swift */ = {isa = PBXFileReference; lastKnownFileType = sourcecode.swift; path = PatientViewController.swift; sourceTree = "<group>"; };
		C0315C6429B94A0100112281 /* Patient.swift */ = {isa = PBXFileReference; lastKnownFileType = sourcecode.swift; path = Patient.swift; sourceTree = "<group>"; };
		C076BEDE29ABC20300DA1A52 /* CredentialsViewController.swift */ = {isa = PBXFileReference; lastKnownFileType = sourcecode.swift; path = CredentialsViewController.swift; sourceTree = "<group>"; };
		C08A42F32995582F000036C6 /* MyApp.app */ = {isa = PBXFileReference; explicitFileType = wrapper.application; includeInIndex = 0; path = MyApp.app; sourceTree = BUILT_PRODUCTS_DIR; };
		C08A42F62995582F000036C6 /* AppDelegate.swift */ = {isa = PBXFileReference; lastKnownFileType = sourcecode.swift; path = AppDelegate.swift; sourceTree = "<group>"; };
		C08A42F82995582F000036C6 /* SceneDelegate.swift */ = {isa = PBXFileReference; lastKnownFileType = sourcecode.swift; path = SceneDelegate.swift; sourceTree = "<group>"; };
		C08A42FD2995582F000036C6 /* Base */ = {isa = PBXFileReference; lastKnownFileType = file.storyboard; name = Base; path = Base.lproj/Main.storyboard; sourceTree = "<group>"; };
		C08A42FF29955830000036C6 /* Assets.xcassets */ = {isa = PBXFileReference; lastKnownFileType = folder.assetcatalog; path = Assets.xcassets; sourceTree = "<group>"; };
		C08A430229955830000036C6 /* Base */ = {isa = PBXFileReference; lastKnownFileType = file.storyboard; name = Base; path = Base.lproj/LaunchScreen.storyboard; sourceTree = "<group>"; };
		C08A430429955830000036C6 /* Info.plist */ = {isa = PBXFileReference; lastKnownFileType = text.plist.xml; path = Info.plist; sourceTree = "<group>"; };
		C08A4310299579CC000036C6 /* OnboardingViewController.swift */ = {isa = PBXFileReference; lastKnownFileType = sourcecode.swift; path = OnboardingViewController.swift; sourceTree = "<group>"; };
		C08A431329957BE8000036C6 /* OnboardingSlide.swift */ = {isa = PBXFileReference; lastKnownFileType = sourcecode.swift; path = OnboardingSlide.swift; sourceTree = "<group>"; };
		C0C3786929ABCFBB00CB4783 /* SignUpViewController.swift */ = {isa = PBXFileReference; lastKnownFileType = sourcecode.swift; path = SignUpViewController.swift; sourceTree = "<group>"; };
		C0C3787029ABD67E00CB4783 /* LoginViewController.swift */ = {isa = PBXFileReference; lastKnownFileType = sourcecode.swift; path = LoginViewController.swift; sourceTree = "<group>"; };
		C0DCEDE529AE7C0B00CAE48E /* PatientListCollectionViewCell.swift */ = {isa = PBXFileReference; lastKnownFileType = sourcecode.swift; path = PatientListCollectionViewCell.swift; sourceTree = "<group>"; };
		C0DCEDE629AE7C0B00CAE48E /* PatientListCollectionViewCell.xib */ = {isa = PBXFileReference; lastKnownFileType = file.xib; path = PatientListCollectionViewCell.xib; sourceTree = "<group>"; };
		C0DCEDE929AE849100CAE48E /* Patients.swift */ = {isa = PBXFileReference; lastKnownFileType = sourcecode.swift; path = Patients.swift; sourceTree = "<group>"; };
		C0DCEDEC29AE97F900CAE48E /* PatListViewController.swift */ = {isa = PBXFileReference; lastKnownFileType = sourcecode.swift; path = PatListViewController.swift; sourceTree = "<group>"; };
		C0DCEDF329AEAB6300CAE48E /* MedicationViewController.swift */ = {isa = PBXFileReference; lastKnownFileType = sourcecode.swift; path = MedicationViewController.swift; sourceTree = "<group>"; };
		C0DCEDF629AEAE5A00CAE48E /* AppointmentViewController.swift */ = {isa = PBXFileReference; lastKnownFileType = sourcecode.swift; path = AppointmentViewController.swift; sourceTree = "<group>"; };
		C0DCEDF829AEB3B100CAE48E /* CalanderViewController.swift */ = {isa = PBXFileReference; lastKnownFileType = sourcecode.swift; path = CalanderViewController.swift; sourceTree = "<group>"; };
/* End PBXFileReference section */

/* Begin PBXFrameworksBuildPhase section */
		C08A42F02995582F000036C6 /* Frameworks */ = {
			isa = PBXFrameworksBuildPhase;
			buildActionMask = 2147483647;
			files = (
				C0C3786F29ABD22300CB4783 /* FirebaseAuth in Frameworks */,
				20017DD129BFD1D40019D62A /* FirebaseStorage in Frameworks */,
				20017DD329BFD1E90019D62A /* FirebaseFirestore in Frameworks */,
				20017DDC29C3D5CA0019D62A /* FirebaseFirestoreSwift in Frameworks */,
			);
			runOnlyForDeploymentPostprocessing = 0;
		};
/* End PBXFrameworksBuildPhase section */

/* Begin PBXGroup section */
		20017DCC29BFD18F0019D62A /* Utils */ = {
			isa = PBXGroup;
			children = (
				20BF569929C4CFD7008B863E /* Extensions */,
				20017DCD29BFD19D0019D62A /* FirebaseManager.swift */,
				20017DDD29C3FB9B0019D62A /* FirebaseService.swift */,
				20BF569329C40DF8008B863E /* CurrentUser.swift */,
				20BF569C29C50A52008B863E /* NotificationService.swift */,
			);
			path = Utils;
			sourceTree = "<group>";
		};
		20017DCF29BFD1D40019D62A /* Frameworks */ = {
			isa = PBXGroup;
			children = (
			);
			name = Frameworks;
			sourceTree = "<group>";
		};
		20017DD429BFD9280019D62A /* PatientProfile */ = {
			isa = PBXGroup;
			children = (
				20017DD929BFDE850019D62A /* PatientProfileViewController.swift */,
			);
			path = PatientProfile;
			sourceTree = "<group>";
		};
		20BF569929C4CFD7008B863E /* Extensions */ = {
			isa = PBXGroup;
			children = (
				20BF569A29C4CFF0008B863E /* String+Extension.swift */,
			);
			path = Extensions;
			sourceTree = "<group>";
		};
		C076BEDD29ABC1A300DA1A52 /* Credentials */ = {
			isa = PBXGroup;
			children = (
				C076BEDE29ABC20300DA1A52 /* CredentialsViewController.swift */,
				C0C3787029ABD67E00CB4783 /* LoginViewController.swift */,
				C0C3786929ABCFBB00CB4783 /* SignUpViewController.swift */,
			);
			path = Credentials;
			sourceTree = "<group>";
		};
		C08A42EA2995582F000036C6 = {
			isa = PBXGroup;
			children = (
				20017DCA29BFD1530019D62A /* GoogleService-Info.plist */,
				C08A42F52995582F000036C6 /* MyApp */,
				C08A42F42995582F000036C6 /* Products */,
				20017DCF29BFD1D40019D62A /* Frameworks */,
			);
			sourceTree = "<group>";
		};
		C08A42F42995582F000036C6 /* Products */ = {
			isa = PBXGroup;
			children = (
				C08A42F32995582F000036C6 /* MyApp.app */,
			);
			name = Products;
			sourceTree = "<group>";
		};
		C08A42F52995582F000036C6 /* MyApp */ = {
			isa = PBXGroup;
			children = (
				20017DCC29BFD18F0019D62A /* Utils */,
				C08A430B29957939000036C6 /* Views */,
				C08A431229957BAF000036C6 /* Models */,
				C08A42F62995582F000036C6 /* AppDelegate.swift */,
				C08A42F82995582F000036C6 /* SceneDelegate.swift */,
				C08A42FC2995582F000036C6 /* Main.storyboard */,
				C08A42FF29955830000036C6 /* Assets.xcassets */,
				C08A430129955830000036C6 /* LaunchScreen.storyboard */,
				C08A430429955830000036C6 /* Info.plist */,
			);
			path = MyApp;
			sourceTree = "<group>";
		};
		C08A430A29957918000036C6 /* Onboarding */ = {
			isa = PBXGroup;
			children = (
				C08A4310299579CC000036C6 /* OnboardingViewController.swift */,
				99B5AC8C29B87472004EFFA0 /* OnboardingCollectionViewCell.swift */,
				99B5AC8D29B87472004EFFA0 /* OnboardingCollectionViewCell.xib */,
			);
			path = Onboarding;
			sourceTree = "<group>";
		};
		C08A430B29957939000036C6 /* Views */ = {
			isa = PBXGroup;
			children = (
				20017DD429BFD9280019D62A /* PatientProfile */,
				C0DCEDFA29AEB9F600CAE48E /* Calander */,
				C0DCEDF529AEAE4600CAE48E /* Appointment */,
				C0DCEDF229AEAB4000CAE48E /* Medication */,
				C0DCEDEE29AEAA4200CAE48E /* Patient */,
				C0DCEDDC29AE777900CAE48E /* Patients */,
				C076BEDD29ABC1A300DA1A52 /* Credentials */,
				C08A430A29957918000036C6 /* Onboarding */,
			);
			path = Views;
			sourceTree = "<group>";
		};
		C08A431229957BAF000036C6 /* Models */ = {
			isa = PBXGroup;
			children = (
				C08A431329957BE8000036C6 /* OnboardingSlide.swift */,
				20017DDF29C3FC070019D62A /* PatientProfile.swift */,
				20017DE129C3FC200019D62A /* User.swift */,
				20BF569529C4C302008B863E /* Medication.swift */,
				20BF569729C4C312008B863E /* Appointment.swift */,
			);
			path = Models;
			sourceTree = "<group>";
		};
		C0DCEDDC29AE777900CAE48E /* Patients */ = {
			isa = PBXGroup;
			children = (
				C0DCEDEC29AE97F900CAE48E /* PatListViewController.swift */,
				C0DCEDE529AE7C0B00CAE48E /* PatientListCollectionViewCell.swift */,
				C0DCEDE629AE7C0B00CAE48E /* PatientListCollectionViewCell.xib */,
				C0DCEDE929AE849100CAE48E /* Patients.swift */,
			);
			path = Patients;
			sourceTree = "<group>";
		};
		C0DCEDEE29AEAA4200CAE48E /* Patient */ = {
			isa = PBXGroup;
			children = (
				C0315C6029B9437200112281 /* PatientViewController.swift */,
				C0315C5C29B9431B00112281 /* PatientCollectionViewCell.swift */,
				C0315C5D29B9431B00112281 /* PatientCollectionViewCell.xib */,
				C0315C6429B94A0100112281 /* Patient.swift */,
			);
			path = Patient;
			sourceTree = "<group>";
		};
		C0DCEDF229AEAB4000CAE48E /* Medication */ = {
			isa = PBXGroup;
			children = (
				C0DCEDF329AEAB6300CAE48E /* MedicationViewController.swift */,
			);
			path = Medication;
			sourceTree = "<group>";
		};
		C0DCEDF529AEAE4600CAE48E /* Appointment */ = {
			isa = PBXGroup;
			children = (
				C0DCEDF629AEAE5A00CAE48E /* AppointmentViewController.swift */,
			);
			path = Appointment;
			sourceTree = "<group>";
		};
		C0DCEDFA29AEB9F600CAE48E /* Calander */ = {
			isa = PBXGroup;
			children = (
				C0DCEDF829AEB3B100CAE48E /* CalanderViewController.swift */,
			);
			path = Calander;
			sourceTree = "<group>";
		};
/* End PBXGroup section */

/* Begin PBXNativeTarget section */
		C08A42F22995582F000036C6 /* MyApp */ = {
			isa = PBXNativeTarget;
			buildConfigurationList = C08A430729955830000036C6 /* Build configuration list for PBXNativeTarget "MyApp" */;
			buildPhases = (
				C08A42EF2995582F000036C6 /* Sources */,
				C08A42F02995582F000036C6 /* Frameworks */,
				C08A42F12995582F000036C6 /* Resources */,
			);
			buildRules = (
			);
			dependencies = (
			);
			name = MyApp;
			packageProductDependencies = (
				C0C3786E29ABD22300CB4783 /* FirebaseAuth */,
				20017DD029BFD1D40019D62A /* FirebaseStorage */,
				20017DD229BFD1E90019D62A /* FirebaseFirestore */,
				20017DDB29C3D5CA0019D62A /* FirebaseFirestoreSwift */,
			);
			productName = MyApp;
			productReference = C08A42F32995582F000036C6 /* MyApp.app */;
			productType = "com.apple.product-type.application";
		};
/* End PBXNativeTarget section */

/* Begin PBXProject section */
		C08A42EB2995582F000036C6 /* Project object */ = {
			isa = PBXProject;
			attributes = {
				BuildIndependentTargetsInParallel = 1;
				LastSwiftUpdateCheck = 1420;
				LastUpgradeCheck = 1420;
				TargetAttributes = {
					C08A42F22995582F000036C6 = {
						CreatedOnToolsVersion = 14.2;
					};
				};
			};
			buildConfigurationList = C08A42EE2995582F000036C6 /* Build configuration list for PBXProject "MediPill" */;
			compatibilityVersion = "Xcode 14.0";
			developmentRegion = en;
			hasScannedForEncodings = 0;
			knownRegions = (
				en,
				Base,
			);
			mainGroup = C08A42EA2995582F000036C6;
			packageReferences = (
				C0C3786D29ABD22300CB4783 /* XCRemoteSwiftPackageReference "firebase-ios-sdk" */,
			);
			productRefGroup = C08A42F42995582F000036C6 /* Products */;
			projectDirPath = "";
			projectRoot = "";
			targets = (
				C08A42F22995582F000036C6 /* MyApp */,
			);
		};
/* End PBXProject section */

/* Begin PBXResourcesBuildPhase section */
		C08A42F12995582F000036C6 /* Resources */ = {
			isa = PBXResourcesBuildPhase;
			buildActionMask = 2147483647;
			files = (
				C0315C5F29B9431B00112281 /* PatientCollectionViewCell.xib in Resources */,
				20017DCB29BFD1540019D62A /* GoogleService-Info.plist in Resources */,
				C08A430329955830000036C6 /* LaunchScreen.storyboard in Resources */,
				C0DCEDE829AE7C0B00CAE48E /* PatientListCollectionViewCell.xib in Resources */,
				99B5AC8F29B87472004EFFA0 /* OnboardingCollectionViewCell.xib in Resources */,
				C08A430029955830000036C6 /* Assets.xcassets in Resources */,
				C08A42FE2995582F000036C6 /* Main.storyboard in Resources */,
			);
			runOnlyForDeploymentPostprocessing = 0;
		};
/* End PBXResourcesBuildPhase section */

/* Begin PBXSourcesBuildPhase section */
		C08A42EF2995582F000036C6 /* Sources */ = {
			isa = PBXSourcesBuildPhase;
			buildActionMask = 2147483647;
			files = (
				20BF569629C4C302008B863E /* Medication.swift in Sources */,
				C0DCEDF929AEB3B100CAE48E /* CalanderViewController.swift in Sources */,
				C0DCEDF729AEAE5A00CAE48E /* AppointmentViewController.swift in Sources */,
				C08A431429957BE8000036C6 /* OnboardingSlide.swift in Sources */,
				99B5AC8E29B87472004EFFA0 /* OnboardingCollectionViewCell.swift in Sources */,
				20017DDE29C3FB9B0019D62A /* FirebaseService.swift in Sources */,
				C0C3786A29ABCFBB00CB4783 /* SignUpViewController.swift in Sources */,
				C0315C5E29B9431B00112281 /* PatientCollectionViewCell.swift in Sources */,
				20017DDA29BFDE850019D62A /* PatientProfileViewController.swift in Sources */,
				C076BEDF29ABC20300DA1A52 /* CredentialsViewController.swift in Sources */,
				C08A42F72995582F000036C6 /* AppDelegate.swift in Sources */,
				C0DCEDE729AE7C0B00CAE48E /* PatientListCollectionViewCell.swift in Sources */,
				20017DCE29BFD19D0019D62A /* FirebaseManager.swift in Sources */,
				C0DCEDEA29AE849100CAE48E /* Patients.swift in Sources */,
				C0315C6529B94A0100112281 /* Patient.swift in Sources */,
				C0315C6129B9437200112281 /* PatientViewController.swift in Sources */,
				20BF569D29C50A52008B863E /* NotificationService.swift in Sources */,
				C0C3787129ABD67E00CB4783 /* LoginViewController.swift in Sources */,
				C0DCEDF429AEAB6300CAE48E /* MedicationViewController.swift in Sources */,
				C08A42F92995582F000036C6 /* SceneDelegate.swift in Sources */,
				20BF569B29C4CFF0008B863E /* String+Extension.swift in Sources */,
				20017DE029C3FC070019D62A /* PatientProfile.swift in Sources */,
				C08A4311299579CC000036C6 /* OnboardingViewController.swift in Sources */,
				C0DCEDED29AE97F900CAE48E /* PatListViewController.swift in Sources */,
				20BF569829C4C312008B863E /* Appointment.swift in Sources */,
				20BF569429C40DF8008B863E /* CurrentUser.swift in Sources */,
				20017DE229C3FC200019D62A /* User.swift in Sources */,
			);
			runOnlyForDeploymentPostprocessing = 0;
		};
/* End PBXSourcesBuildPhase section */

/* Begin PBXVariantGroup section */
		C08A42FC2995582F000036C6 /* Main.storyboard */ = {
			isa = PBXVariantGroup;
			children = (
				C08A42FD2995582F000036C6 /* Base */,
			);
			name = Main.storyboard;
			sourceTree = "<group>";
		};
		C08A430129955830000036C6 /* LaunchScreen.storyboard */ = {
			isa = PBXVariantGroup;
			children = (
				C08A430229955830000036C6 /* Base */,
			);
			name = LaunchScreen.storyboard;
			sourceTree = "<group>";
		};
/* End PBXVariantGroup section */

/* Begin XCBuildConfiguration section */
		C08A430529955830000036C6 /* Debug */ = {
			isa = XCBuildConfiguration;
			buildSettings = {
				ALWAYS_SEARCH_USER_PATHS = NO;
				CLANG_ANALYZER_NONNULL = YES;
				CLANG_ANALYZER_NUMBER_OBJECT_CONVERSION = YES_AGGRESSIVE;
				CLANG_CXX_LANGUAGE_STANDARD = "gnu++20";
				CLANG_ENABLE_MODULES = YES;
				CLANG_ENABLE_OBJC_ARC = YES;
				CLANG_ENABLE_OBJC_WEAK = YES;
				CLANG_WARN_BLOCK_CAPTURE_AUTORELEASING = YES;
				CLANG_WARN_BOOL_CONVERSION = YES;
				CLANG_WARN_COMMA = YES;
				CLANG_WARN_CONSTANT_CONVERSION = YES;
				CLANG_WARN_DEPRECATED_OBJC_IMPLEMENTATIONS = YES;
				CLANG_WARN_DIRECT_OBJC_ISA_USAGE = YES_ERROR;
				CLANG_WARN_DOCUMENTATION_COMMENTS = YES;
				CLANG_WARN_EMPTY_BODY = YES;
				CLANG_WARN_ENUM_CONVERSION = YES;
				CLANG_WARN_INFINITE_RECURSION = YES;
				CLANG_WARN_INT_CONVERSION = YES;
				CLANG_WARN_NON_LITERAL_NULL_CONVERSION = YES;
				CLANG_WARN_OBJC_IMPLICIT_RETAIN_SELF = YES;
				CLANG_WARN_OBJC_LITERAL_CONVERSION = YES;
				CLANG_WARN_OBJC_ROOT_CLASS = YES_ERROR;
				CLANG_WARN_QUOTED_INCLUDE_IN_FRAMEWORK_HEADER = YES;
				CLANG_WARN_RANGE_LOOP_ANALYSIS = YES;
				CLANG_WARN_STRICT_PROTOTYPES = YES;
				CLANG_WARN_SUSPICIOUS_MOVE = YES;
				CLANG_WARN_UNGUARDED_AVAILABILITY = YES_AGGRESSIVE;
				CLANG_WARN_UNREACHABLE_CODE = YES;
				CLANG_WARN__DUPLICATE_METHOD_MATCH = YES;
				COPY_PHASE_STRIP = NO;
				DEBUG_INFORMATION_FORMAT = dwarf;
				ENABLE_STRICT_OBJC_MSGSEND = YES;
				ENABLE_TESTABILITY = YES;
				GCC_C_LANGUAGE_STANDARD = gnu11;
				GCC_DYNAMIC_NO_PIC = NO;
				GCC_NO_COMMON_BLOCKS = YES;
				GCC_OPTIMIZATION_LEVEL = 0;
				GCC_PREPROCESSOR_DEFINITIONS = (
					"DEBUG=1",
					"$(inherited)",
				);
				GCC_WARN_64_TO_32_BIT_CONVERSION = YES;
				GCC_WARN_ABOUT_RETURN_TYPE = YES_ERROR;
				GCC_WARN_UNDECLARED_SELECTOR = YES;
				GCC_WARN_UNINITIALIZED_AUTOS = YES_AGGRESSIVE;
				GCC_WARN_UNUSED_FUNCTION = YES;
				GCC_WARN_UNUSED_VARIABLE = YES;
				IPHONEOS_DEPLOYMENT_TARGET = 16.2;
				MTL_ENABLE_DEBUG_INFO = INCLUDE_SOURCE;
				MTL_FAST_MATH = YES;
				ONLY_ACTIVE_ARCH = YES;
				SDKROOT = iphoneos;
				SWIFT_ACTIVE_COMPILATION_CONDITIONS = DEBUG;
				SWIFT_OPTIMIZATION_LEVEL = "-Onone";
			};
			name = Debug;
		};
		C08A430629955830000036C6 /* Release */ = {
			isa = XCBuildConfiguration;
			buildSettings = {
				ALWAYS_SEARCH_USER_PATHS = NO;
				CLANG_ANALYZER_NONNULL = YES;
				CLANG_ANALYZER_NUMBER_OBJECT_CONVERSION = YES_AGGRESSIVE;
				CLANG_CXX_LANGUAGE_STANDARD = "gnu++20";
				CLANG_ENABLE_MODULES = YES;
				CLANG_ENABLE_OBJC_ARC = YES;
				CLANG_ENABLE_OBJC_WEAK = YES;
				CLANG_WARN_BLOCK_CAPTURE_AUTORELEASING = YES;
				CLANG_WARN_BOOL_CONVERSION = YES;
				CLANG_WARN_COMMA = YES;
				CLANG_WARN_CONSTANT_CONVERSION = YES;
				CLANG_WARN_DEPRECATED_OBJC_IMPLEMENTATIONS = YES;
				CLANG_WARN_DIRECT_OBJC_ISA_USAGE = YES_ERROR;
				CLANG_WARN_DOCUMENTATION_COMMENTS = YES;
				CLANG_WARN_EMPTY_BODY = YES;
				CLANG_WARN_ENUM_CONVERSION = YES;
				CLANG_WARN_INFINITE_RECURSION = YES;
				CLANG_WARN_INT_CONVERSION = YES;
				CLANG_WARN_NON_LITERAL_NULL_CONVERSION = YES;
				CLANG_WARN_OBJC_IMPLICIT_RETAIN_SELF = YES;
				CLANG_WARN_OBJC_LITERAL_CONVERSION = YES;
				CLANG_WARN_OBJC_ROOT_CLASS = YES_ERROR;
				CLANG_WARN_QUOTED_INCLUDE_IN_FRAMEWORK_HEADER = YES;
				CLANG_WARN_RANGE_LOOP_ANALYSIS = YES;
				CLANG_WARN_STRICT_PROTOTYPES = YES;
				CLANG_WARN_SUSPICIOUS_MOVE = YES;
				CLANG_WARN_UNGUARDED_AVAILABILITY = YES_AGGRESSIVE;
				CLANG_WARN_UNREACHABLE_CODE = YES;
				CLANG_WARN__DUPLICATE_METHOD_MATCH = YES;
				COPY_PHASE_STRIP = NO;
				DEBUG_INFORMATION_FORMAT = "dwarf-with-dsym";
				ENABLE_NS_ASSERTIONS = NO;
				ENABLE_STRICT_OBJC_MSGSEND = YES;
				GCC_C_LANGUAGE_STANDARD = gnu11;
				GCC_NO_COMMON_BLOCKS = YES;
				GCC_WARN_64_TO_32_BIT_CONVERSION = YES;
				GCC_WARN_ABOUT_RETURN_TYPE = YES_ERROR;
				GCC_WARN_UNDECLARED_SELECTOR = YES;
				GCC_WARN_UNINITIALIZED_AUTOS = YES_AGGRESSIVE;
				GCC_WARN_UNUSED_FUNCTION = YES;
				GCC_WARN_UNUSED_VARIABLE = YES;
				IPHONEOS_DEPLOYMENT_TARGET = 16.2;
				MTL_ENABLE_DEBUG_INFO = NO;
				MTL_FAST_MATH = YES;
				SDKROOT = iphoneos;
				SWIFT_COMPILATION_MODE = wholemodule;
				SWIFT_OPTIMIZATION_LEVEL = "-O";
				VALIDATE_PRODUCT = YES;
			};
			name = Release;
		};
		C08A430829955830000036C6 /* Debug */ = {
			isa = XCBuildConfiguration;
			buildSettings = {
				ASSETCATALOG_COMPILER_APPICON_NAME = AppIcon;
				ASSETCATALOG_COMPILER_GLOBAL_ACCENT_COLOR_NAME = AccentColor;
				CODE_SIGN_STYLE = Automatic;
				CURRENT_PROJECT_VERSION = 1;
				GENERATE_INFOPLIST_FILE = YES;
				INFOPLIST_FILE = MyApp/Info.plist;
				INFOPLIST_KEY_UIApplicationSupportsIndirectInputEvents = YES;
				INFOPLIST_KEY_UILaunchStoryboardName = LaunchScreen;
				INFOPLIST_KEY_UIMainStoryboardFile = Main;
				INFOPLIST_KEY_UISupportedInterfaceOrientations_iPad = "UIInterfaceOrientationPortrait UIInterfaceOrientationPortraitUpsideDown UIInterfaceOrientationLandscapeLeft UIInterfaceOrientationLandscapeRight";
				INFOPLIST_KEY_UISupportedInterfaceOrientations_iPhone = "UIInterfaceOrientationPortrait UIInterfaceOrientationLandscapeLeft UIInterfaceOrientationLandscapeRight";
				LD_RUNPATH_SEARCH_PATHS = (
					"$(inherited)",
					"@executable_path/Frameworks",
				);
				MARKETING_VERSION = 1.0;
				PRODUCT_BUNDLE_IDENTIFIER = "Ayesha-Kayani.MyApp";
				PRODUCT_NAME = "$(TARGET_NAME)";
				SWIFT_EMIT_LOC_STRINGS = YES;
				SWIFT_VERSION = 5.0;
				TARGETED_DEVICE_FAMILY = "1,2";
			};
			name = Debug;
		};
		C08A430929955830000036C6 /* Release */ = {
			isa = XCBuildConfiguration;
			buildSettings = {
				ASSETCATALOG_COMPILER_APPICON_NAME = AppIcon;
				ASSETCATALOG_COMPILER_GLOBAL_ACCENT_COLOR_NAME = AccentColor;
				CODE_SIGN_STYLE = Automatic;
				CURRENT_PROJECT_VERSION = 1;
				GENERATE_INFOPLIST_FILE = YES;
				INFOPLIST_FILE = MyApp/Info.plist;
				INFOPLIST_KEY_UIApplicationSupportsIndirectInputEvents = YES;
				INFOPLIST_KEY_UILaunchStoryboardName = LaunchScreen;
				INFOPLIST_KEY_UIMainStoryboardFile = Main;
				INFOPLIST_KEY_UISupportedInterfaceOrientations_iPad = "UIInterfaceOrientationPortrait UIInterfaceOrientationPortraitUpsideDown UIInterfaceOrientationLandscapeLeft UIInterfaceOrientationLandscapeRight";
				INFOPLIST_KEY_UISupportedInterfaceOrientations_iPhone = "UIInterfaceOrientationPortrait UIInterfaceOrientationLandscapeLeft UIInterfaceOrientationLandscapeRight";
				LD_RUNPATH_SEARCH_PATHS = (
					"$(inherited)",
					"@executable_path/Frameworks",
				);
				MARKETING_VERSION = 1.0;
				PRODUCT_BUNDLE_IDENTIFIER = "Ayesha-Kayani.MyApp";
				PRODUCT_NAME = "$(TARGET_NAME)";
				SWIFT_EMIT_LOC_STRINGS = YES;
				SWIFT_VERSION = 5.0;
				TARGETED_DEVICE_FAMILY = "1,2";
			};
			name = Release;
		};
/* End XCBuildConfiguration section */

/* Begin XCConfigurationList section */
		C08A42EE2995582F000036C6 /* Build configuration list for PBXProject "MediPill" */ = {
			isa = XCConfigurationList;
			buildConfigurations = (
				C08A430529955830000036C6 /* Debug */,
				C08A430629955830000036C6 /* Release */,
			);
			defaultConfigurationIsVisible = 0;
			defaultConfigurationName = Release;
		};
		C08A430729955830000036C6 /* Build configuration list for PBXNativeTarget "MyApp" */ = {
			isa = XCConfigurationList;
			buildConfigurations = (
				C08A430829955830000036C6 /* Debug */,
				C08A430929955830000036C6 /* Release */,
			);
			defaultConfigurationIsVisible = 0;
			defaultConfigurationName = Release;
		};
/* End XCConfigurationList section */

/* Begin XCRemoteSwiftPackageReference section */
		C0C3786D29ABD22300CB4783 /* XCRemoteSwiftPackageReference "firebase-ios-sdk" */ = {
			isa = XCRemoteSwiftPackageReference;
			repositoryURL = "https://github.com/firebase/firebase-ios-sdk";
			requirement = {
				kind = upToNextMajorVersion;
				minimumVersion = 9.0.0;
			};
		};
/* End XCRemoteSwiftPackageReference section */

/* Begin XCSwiftPackageProductDependency section */
		20017DD029BFD1D40019D62A /* FirebaseStorage */ = {
			isa = XCSwiftPackageProductDependency;
			package = C0C3786D29ABD22300CB4783 /* XCRemoteSwiftPackageReference "firebase-ios-sdk" */;
			productName = FirebaseStorage;
		};
		20017DD229BFD1E90019D62A /* FirebaseFirestore */ = {
			isa = XCSwiftPackageProductDependency;
			package = C0C3786D29ABD22300CB4783 /* XCRemoteSwiftPackageReference "firebase-ios-sdk" */;
			productName = FirebaseFirestore;
		};
		20017DDB29C3D5CA0019D62A /* FirebaseFirestoreSwift */ = {
			isa = XCSwiftPackageProductDependency;
			package = C0C3786D29ABD22300CB4783 /* XCRemoteSwiftPackageReference "firebase-ios-sdk" */;
			productName = FirebaseFirestoreSwift;
		};
		C0C3786E29ABD22300CB4783 /* FirebaseAuth */ = {
			isa = XCSwiftPackageProductDependency;
			package = C0C3786D29ABD22300CB4783 /* XCRemoteSwiftPackageReference "firebase-ios-sdk" */;
			productName = FirebaseAuth;
		};
/* End XCSwiftPackageProductDependency section */
	};
	rootObject = C08A42EB2995582F000036C6 /* Project object */;
}
